
Microsoft Visual Studio Solution File, Format Version 12.00
# Visual Studio Version 17
VisualStudioVersion = 17.0.31912.275
MinimumVisualStudioVersion = 10.0.40219.1
Project("{9A19103F-16F7-4668-BE54-9A1E7A4F7556}") = "CashFlow", "CashFlow\CashFlow.csproj", "{41542E78-8407-4CA6-BB47-8D8DFD920095}"
EndProject
Project("{2150E333-8FDC-42A3-9474-1A3956D46DE8}") = "Solution Items", "Solution Items", "{CED7596B-CBC1-43EA-9C89-07F8289397B1}"
	ProjectSection(SolutionItems) = preProject
		README.md = README.md
	EndProjectSection
EndProject
Project("{9A19103F-16F7-4668-BE54-9A1E7A4F7556}") = "CashFlow.Infra.Data", "CashFlow.Infra.Data\CashFlow.Infra.Data.csproj", "{4ED78F2F-2EFF-4AA6-87B0-A3CE5CDFCDFA}"
EndProject
Project("{9A19103F-16F7-4668-BE54-9A1E7A4F7556}") = "CashFlow.Desktop", "CashFlow.Desktop\CashFlow.Desktop.csproj", "{AC6547D8-1C95-445C-BD4A-451C0AC4EE53}"
EndProject
Project("{FAE04EC0-301F-11D3-BF4B-00C04F79EFBC}") = "CashFlow.Tools", "CashFlow.Tools\CashFlow.Tools.csproj", "{FEF0BD04-2E40-458E-8C81-7E1A685533D7}"
EndProject
Global
	GlobalSection(SolutionConfigurationPlatforms) = preSolution
		Debug|Any CPU = Debug|Any CPU
		Release|Any CPU = Release|Any CPU
	EndGlobalSection
	GlobalSection(ProjectConfigurationPlatforms) = postSolution
		{41542E78-8407-4CA6-BB47-8D8DFD920095}.Debug|Any CPU.ActiveCfg = Debug|Any CPU
		{41542E78-8407-4CA6-BB47-8D8DFD920095}.Debug|Any CPU.Build.0 = Debug|Any CPU
		{41542E78-8407-4CA6-BB47-8D8DFD920095}.Release|Any CPU.ActiveCfg = Release|Any CPU
		{41542E78-8407-4CA6-BB47-8D8DFD920095}.Release|Any CPU.Build.0 = Release|Any CPU
		{4ED78F2F-2EFF-4AA6-87B0-A3CE5CDFCDFA}.Debug|Any CPU.ActiveCfg = Debug|Any CPU
		{4ED78F2F-2EFF-4AA6-87B0-A3CE5CDFCDFA}.Debug|Any CPU.Build.0 = Debug|Any CPU
		{4ED78F2F-2EFF-4AA6-87B0-A3CE5CDFCDFA}.Release|Any CPU.ActiveCfg = Release|Any CPU
		{4ED78F2F-2EFF-4AA6-87B0-A3CE5CDFCDFA}.Release|Any CPU.Build.0 = Release|Any CPU
		{AC6547D8-1C95-445C-BD4A-451C0AC4EE53}.Debug|Any CPU.ActiveCfg = Debug|Any CPU
		{AC6547D8-1C95-445C-BD4A-451C0AC4EE53}.Debug|Any CPU.Build.0 = Debug|Any CPU
		{AC6547D8-1C95-445C-BD4A-451C0AC4EE53}.Release|Any CPU.ActiveCfg = Release|Any CPU
		{AC6547D8-1C95-445C-BD4A-451C0AC4EE53}.Release|Any CPU.Build.0 = Release|Any CPU
		{FEF0BD04-2E40-458E-8C81-7E1A685533D7}.Debug|Any CPU.ActiveCfg = Debug|Any CPU
		{FEF0BD04-2E40-458E-8C81-7E1A685533D7}.Debug|Any CPU.Build.0 = Debug|Any CPU
		{FEF0BD04-2E40-458E-8C81-7E1A685533D7}.Release|Any CPU.ActiveCfg = Release|Any CPU
		{FEF0BD04-2E40-458E-8C81-7E1A685533D7}.Release|Any CPU.Build.0 = Release|Any CPU
	EndGlobalSection
	GlobalSection(SolutionProperties) = preSolution
		HideSolutionNode = FALSE
	EndGlobalSection
	GlobalSection(ExtensibilityGlobals) = postSolution
		SolutionGuid = {677A2B30-FD85-451C-ABEF-5FC07D3692B9}
	EndGlobalSection
EndGlobal
